// !$*UTF8*$!
{
	archiveVersion = 1;
	classes = {
	};
	objectVersion = 46;
	objects = {

/* Begin PBXBuildFile section */
		929D3F411A3658E4009728C3 /* AppDelegate.swift in Sources */ = {isa = PBXBuildFile; fileRef = 929D3F401A3658E4009728C3 /* AppDelegate.swift */; };
		929D3F461A3658E4009728C3 /* Main.storyboard in Resources */ = {isa = PBXBuildFile; fileRef = 929D3F441A3658E4009728C3 /* Main.storyboard */; };
		929D3F481A3658E4009728C3 /* Images.xcassets in Resources */ = {isa = PBXBuildFile; fileRef = 929D3F471A3658E4009728C3 /* Images.xcassets */; };
		929D3F4B1A3658E4009728C3 /* LaunchScreen.xib in Resources */ = {isa = PBXBuildFile; fileRef = 929D3F491A3658E4009728C3 /* LaunchScreen.xib */; };
		929D3F571A3658E4009728C3 /* BombcastNavigatorTests.swift in Sources */ = {isa = PBXBuildFile; fileRef = 929D3F561A3658E4009728C3 /* BombcastNavigatorTests.swift */; };
		929D3F6A1A365916009728C3 /* BombcastData.h in Headers */ = {isa = PBXBuildFile; fileRef = 929D3F691A365916009728C3 /* BombcastData.h */; settings = {ATTRIBUTES = (Public, ); }; };
		929D3F701A365916009728C3 /* BombcastData.framework in Frameworks */ = {isa = PBXBuildFile; fileRef = 929D3F651A365916009728C3 /* BombcastData.framework */; };
		929D3F791A365916009728C3 /* BombcastDataTests.swift in Sources */ = {isa = PBXBuildFile; fileRef = 929D3F781A365916009728C3 /* BombcastDataTests.swift */; };
		929D3F7C1A365916009728C3 /* BombcastData.framework in Frameworks */ = {isa = PBXBuildFile; fileRef = 929D3F651A365916009728C3 /* BombcastData.framework */; settings = {ATTRIBUTES = (Required, ); }; };
		929D3F7D1A365916009728C3 /* BombcastData.framework in Embed Frameworks */ = {isa = PBXBuildFile; fileRef = 929D3F651A365916009728C3 /* BombcastData.framework */; settings = {ATTRIBUTES = (CodeSignOnCopy, RemoveHeadersOnCopy, ); }; };
		929D3F861A3659E6009728C3 /* Bombcast.swift in Sources */ = {isa = PBXBuildFile; fileRef = 929D3F851A3659E6009728C3 /* Bombcast.swift */; };
		929D3F8A1A365A2D009728C3 /* JSONHelper.swift in Sources */ = {isa = PBXBuildFile; fileRef = 929D3F871A365A2D009728C3 /* JSONHelper.swift */; };
		929D3F8B1A365A2D009728C3 /* JSONSampleData.swift in Sources */ = {isa = PBXBuildFile; fileRef = 929D3F881A365A2D009728C3 /* JSONSampleData.swift */; };
		929D3F8C1A365A2D009728C3 /* sampledata.json in Resources */ = {isa = PBXBuildFile; fileRef = 929D3F891A365A2D009728C3 /* sampledata.json */; };
		929D3F8F1A365C55009728C3 /* BombcastTableViewController.swift in Sources */ = {isa = PBXBuildFile; fileRef = 929D3F8E1A365C55009728C3 /* BombcastTableViewController.swift */; };
		929D3F921A365D73009728C3 /* BombcastTableViewCell.swift in Sources */ = {isa = PBXBuildFile; fileRef = 929D3F911A365D73009728C3 /* BombcastTableViewCell.swift */; };
		929D3F951A365DED009728C3 /* BombcastViewModel.swift in Sources */ = {isa = PBXBuildFile; fileRef = 929D3F941A365DED009728C3 /* BombcastViewModel.swift */; };
		929D3F971A365EE7009728C3 /* BombcastTableViewModel.swift in Sources */ = {isa = PBXBuildFile; fileRef = 929D3F961A365EE7009728C3 /* BombcastTableViewModel.swift */; };
		929D3F9A1A366BE2009728C3 /* BombcastDetailViewController.swift in Sources */ = {isa = PBXBuildFile; fileRef = 929D3F991A366BE2009728C3 /* BombcastDetailViewController.swift */; };
/* End PBXBuildFile section */

/* Begin PBXContainerItemProxy section */
		929D3F511A3658E4009728C3 /* PBXContainerItemProxy */ = {
			isa = PBXContainerItemProxy;
			containerPortal = 929D3F331A3658E4009728C3 /* Project object */;
			proxyType = 1;
			remoteGlobalIDString = 929D3F3A1A3658E4009728C3;
			remoteInfo = BombcastNavigator;
		};
		929D3F711A365916009728C3 /* PBXContainerItemProxy */ = {
			isa = PBXContainerItemProxy;
			containerPortal = 929D3F331A3658E4009728C3 /* Project object */;
			proxyType = 1;
			remoteGlobalIDString = 929D3F641A365916009728C3;
			remoteInfo = BombcastData;
		};
		929D3F731A365916009728C3 /* PBXContainerItemProxy */ = {
			isa = PBXContainerItemProxy;
			containerPortal = 929D3F331A3658E4009728C3 /* Project object */;
			proxyType = 1;
			remoteGlobalIDString = 929D3F3A1A3658E4009728C3;
			remoteInfo = BombcastNavigator;
		};
		929D3F7A1A365916009728C3 /* PBXContainerItemProxy */ = {
			isa = PBXContainerItemProxy;
			containerPortal = 929D3F331A3658E4009728C3 /* Project object */;
			proxyType = 1;
			remoteGlobalIDString = 929D3F641A365916009728C3;
			remoteInfo = BombcastData;
		};
/* End PBXContainerItemProxy section */

/* Begin PBXCopyFilesBuildPhase section */
		929D3F811A365916009728C3 /* Embed Frameworks */ = {
			isa = PBXCopyFilesBuildPhase;
			buildActionMask = 2147483647;
			dstPath = "";
			dstSubfolderSpec = 10;
			files = (
				929D3F7D1A365916009728C3 /* BombcastData.framework in Embed Frameworks */,
			);
			name = "Embed Frameworks";
			runOnlyForDeploymentPostprocessing = 0;
		};
/* End PBXCopyFilesBuildPhase section */

/* Begin PBXFileReference section */
		929D3F3B1A3658E4009728C3 /* BombcastNavigator.app */ = {isa = PBXFileReference; explicitFileType = wrapper.application; includeInIndex = 0; path = BombcastNavigator.app; sourceTree = BUILT_PRODUCTS_DIR; };
		929D3F3F1A3658E4009728C3 /* Info.plist */ = {isa = PBXFileReference; lastKnownFileType = text.plist.xml; path = Info.plist; sourceTree = "<group>"; };
		929D3F401A3658E4009728C3 /* AppDelegate.swift */ = {isa = PBXFileReference; lastKnownFileType = sourcecode.swift; path = AppDelegate.swift; sourceTree = "<group>"; };
		929D3F451A3658E4009728C3 /* Base */ = {isa = PBXFileReference; lastKnownFileType = file.storyboard; name = Base; path = Base.lproj/Main.storyboard; sourceTree = "<group>"; };
		929D3F471A3658E4009728C3 /* Images.xcassets */ = {isa = PBXFileReference; lastKnownFileType = folder.assetcatalog; path = Images.xcassets; sourceTree = "<group>"; };
		929D3F4A1A3658E4009728C3 /* Base */ = {isa = PBXFileReference; lastKnownFileType = file.xib; name = Base; path = Base.lproj/LaunchScreen.xib; sourceTree = "<group>"; };
		929D3F501A3658E4009728C3 /* BombcastNavigatorTests.xctest */ = {isa = PBXFileReference; explicitFileType = wrapper.cfbundle; includeInIndex = 0; path = BombcastNavigatorTests.xctest; sourceTree = BUILT_PRODUCTS_DIR; };
		929D3F551A3658E4009728C3 /* Info.plist */ = {isa = PBXFileReference; lastKnownFileType = text.plist.xml; path = Info.plist; sourceTree = "<group>"; };
		929D3F561A3658E4009728C3 /* BombcastNavigatorTests.swift */ = {isa = PBXFileReference; lastKnownFileType = sourcecode.swift; path = BombcastNavigatorTests.swift; sourceTree = "<group>"; };
		929D3F651A365916009728C3 /* BombcastData.framework */ = {isa = PBXFileReference; explicitFileType = wrapper.framework; includeInIndex = 0; path = BombcastData.framework; sourceTree = BUILT_PRODUCTS_DIR; };
		929D3F681A365916009728C3 /* Info.plist */ = {isa = PBXFileReference; lastKnownFileType = text.plist.xml; path = Info.plist; sourceTree = "<group>"; };
		929D3F691A365916009728C3 /* BombcastData.h */ = {isa = PBXFileReference; lastKnownFileType = sourcecode.c.h; path = BombcastData.h; sourceTree = "<group>"; };
		929D3F6F1A365916009728C3 /* BombcastDataTests.xctest */ = {isa = PBXFileReference; explicitFileType = wrapper.cfbundle; includeInIndex = 0; path = BombcastDataTests.xctest; sourceTree = BUILT_PRODUCTS_DIR; };
		929D3F771A365916009728C3 /* Info.plist */ = {isa = PBXFileReference; lastKnownFileType = text.plist.xml; path = Info.plist; sourceTree = "<group>"; };
		929D3F781A365916009728C3 /* BombcastDataTests.swift */ = {isa = PBXFileReference; lastKnownFileType = sourcecode.swift; path = BombcastDataTests.swift; sourceTree = "<group>"; };
		929D3F851A3659E6009728C3 /* Bombcast.swift */ = {isa = PBXFileReference; fileEncoding = 4; lastKnownFileType = sourcecode.swift; path = Bombcast.swift; sourceTree = "<group>"; };
		929D3F871A365A2D009728C3 /* JSONHelper.swift */ = {isa = PBXFileReference; fileEncoding = 4; lastKnownFileType = sourcecode.swift; path = JSONHelper.swift; sourceTree = "<group>"; };
		929D3F881A365A2D009728C3 /* JSONSampleData.swift */ = {isa = PBXFileReference; fileEncoding = 4; lastKnownFileType = sourcecode.swift; path = JSONSampleData.swift; sourceTree = "<group>"; };
		929D3F891A365A2D009728C3 /* sampledata.json */ = {isa = PBXFileReference; fileEncoding = 4; lastKnownFileType = text.json; path = sampledata.json; sourceTree = "<group>"; };
		929D3F8E1A365C55009728C3 /* BombcastTableViewController.swift */ = {isa = PBXFileReference; fileEncoding = 4; lastKnownFileType = sourcecode.swift; path = BombcastTableViewController.swift; sourceTree = "<group>"; };
		929D3F911A365D73009728C3 /* BombcastTableViewCell.swift */ = {isa = PBXFileReference; fileEncoding = 4; lastKnownFileType = sourcecode.swift; path = BombcastTableViewCell.swift; sourceTree = "<group>"; };
		929D3F941A365DED009728C3 /* BombcastViewModel.swift */ = {isa = PBXFileReference; fileEncoding = 4; lastKnownFileType = sourcecode.swift; path = BombcastViewModel.swift; sourceTree = "<group>"; };
		929D3F961A365EE7009728C3 /* BombcastTableViewModel.swift */ = {isa = PBXFileReference; fileEncoding = 4; lastKnownFileType = sourcecode.swift; path = BombcastTableViewModel.swift; sourceTree = "<group>"; };
		929D3F991A366BE2009728C3 /* BombcastDetailViewController.swift */ = {isa = PBXFileReference; fileEncoding = 4; lastKnownFileType = sourcecode.swift; path = BombcastDetailViewController.swift; sourceTree = "<group>"; };
/* End PBXFileReference section */

/* Begin PBXFrameworksBuildPhase section */
		929D3F381A3658E4009728C3 /* Frameworks */ = {
			isa = PBXFrameworksBuildPhase;
			buildActionMask = 2147483647;
			files = (
				929D3F7C1A365916009728C3 /* BombcastData.framework in Frameworks */,
			);
			runOnlyForDeploymentPostprocessing = 0;
		};
		929D3F4D1A3658E4009728C3 /* Frameworks */ = {
			isa = PBXFrameworksBuildPhase;
			buildActionMask = 2147483647;
			files = (
			);
			runOnlyForDeploymentPostprocessing = 0;
		};
		929D3F611A365916009728C3 /* Frameworks */ = {
			isa = PBXFrameworksBuildPhase;
			buildActionMask = 2147483647;
			files = (
			);
			runOnlyForDeploymentPostprocessing = 0;
		};
		929D3F6C1A365916009728C3 /* Frameworks */ = {
			isa = PBXFrameworksBuildPhase;
			buildActionMask = 2147483647;
			files = (
				929D3F701A365916009728C3 /* BombcastData.framework in Frameworks */,
			);
			runOnlyForDeploymentPostprocessing = 0;
		};
/* End PBXFrameworksBuildPhase section */

/* Begin PBXGroup section */
		929D3F321A3658E4009728C3 = {
			isa = PBXGroup;
			children = (
				929D3F3D1A3658E4009728C3 /* BombcastNavigator */,
				929D3F531A3658E4009728C3 /* BombcastNavigatorTests */,
				929D3F661A365916009728C3 /* BombcastData */,
				929D3F751A365916009728C3 /* BombcastDataTests */,
				929D3F3C1A3658E4009728C3 /* Products */,
			);
			sourceTree = "<group>";
		};
		929D3F3C1A3658E4009728C3 /* Products */ = {
			isa = PBXGroup;
			children = (
				929D3F3B1A3658E4009728C3 /* BombcastNavigator.app */,
				929D3F501A3658E4009728C3 /* BombcastNavigatorTests.xctest */,
				929D3F651A365916009728C3 /* BombcastData.framework */,
				929D3F6F1A365916009728C3 /* BombcastDataTests.xctest */,
			);
			name = Products;
			sourceTree = "<group>";
		};
		929D3F3D1A3658E4009728C3 /* BombcastNavigator */ = {
			isa = PBXGroup;
			children = (
				929D3F8D1A365C37009728C3 /* ViewControllers */,
				929D3F931A365DC4009728C3 /* ViewModels */,
				929D3F901A365D52009728C3 /* Views */,
				929D3F401A3658E4009728C3 /* AppDelegate.swift */,
				929D3F441A3658E4009728C3 /* Main.storyboard */,
				929D3F471A3658E4009728C3 /* Images.xcassets */,
				929D3F491A3658E4009728C3 /* LaunchScreen.xib */,
				929D3F3E1A3658E4009728C3 /* Supporting Files */,
			);
			path = BombcastNavigator;
			sourceTree = "<group>";
		};
		929D3F3E1A3658E4009728C3 /* Supporting Files */ = {
			isa = PBXGroup;
			children = (
				929D3F3F1A3658E4009728C3 /* Info.plist */,
			);
			name = "Supporting Files";
			sourceTree = "<group>";
		};
		929D3F531A3658E4009728C3 /* BombcastNavigatorTests */ = {
			isa = PBXGroup;
			children = (
				929D3F561A3658E4009728C3 /* BombcastNavigatorTests.swift */,
				929D3F541A3658E4009728C3 /* Supporting Files */,
			);
			path = BombcastNavigatorTests;
			sourceTree = "<group>";
		};
		929D3F541A3658E4009728C3 /* Supporting Files */ = {
			isa = PBXGroup;
			children = (
				929D3F551A3658E4009728C3 /* Info.plist */,
			);
			name = "Supporting Files";
			sourceTree = "<group>";
		};
		929D3F661A365916009728C3 /* BombcastData */ = {
			isa = PBXGroup;
			children = (
				929D3F851A3659E6009728C3 /* Bombcast.swift */,
				929D3F691A365916009728C3 /* BombcastData.h */,
				929D3F871A365A2D009728C3 /* JSONHelper.swift */,
				929D3F881A365A2D009728C3 /* JSONSampleData.swift */,
				929D3F891A365A2D009728C3 /* sampledata.json */,
				929D3F671A365916009728C3 /* Supporting Files */,
			);
			path = BombcastData;
			sourceTree = "<group>";
		};
		929D3F671A365916009728C3 /* Supporting Files */ = {
			isa = PBXGroup;
			children = (
				929D3F681A365916009728C3 /* Info.plist */,
			);
			name = "Supporting Files";
			sourceTree = "<group>";
		};
		929D3F751A365916009728C3 /* BombcastDataTests */ = {
			isa = PBXGroup;
			children = (
				929D3F781A365916009728C3 /* BombcastDataTests.swift */,
				929D3F761A365916009728C3 /* Supporting Files */,
			);
			path = BombcastDataTests;
			sourceTree = "<group>";
		};
		929D3F761A365916009728C3 /* Supporting Files */ = {
			isa = PBXGroup;
			children = (
				929D3F771A365916009728C3 /* Info.plist */,
			);
			name = "Supporting Files";
			sourceTree = "<group>";
		};
		929D3F8D1A365C37009728C3 /* ViewControllers */ = {
			isa = PBXGroup;
			children = (
				929D3F991A366BE2009728C3 /* BombcastDetailViewController.swift */,
				929D3F8E1A365C55009728C3 /* BombcastTableViewController.swift */,
			);
			name = ViewControllers;
			sourceTree = "<group>";
		};
		929D3F901A365D52009728C3 /* Views */ = {
			isa = PBXGroup;
			children = (
				929D3F911A365D73009728C3 /* BombcastTableViewCell.swift */,
			);
			name = Views;
			sourceTree = "<group>";
		};
		929D3F931A365DC4009728C3 /* ViewModels */ = {
			isa = PBXGroup;
			children = (
				929D3F961A365EE7009728C3 /* BombcastTableViewModel.swift */,
				929D3F941A365DED009728C3 /* BombcastViewModel.swift */,
			);
			name = ViewModels;
			sourceTree = "<group>";
		};
/* End PBXGroup section */

/* Begin PBXHeadersBuildPhase section */
		929D3F621A365916009728C3 /* Headers */ = {
			isa = PBXHeadersBuildPhase;
			buildActionMask = 2147483647;
			files = (
				929D3F6A1A365916009728C3 /* BombcastData.h in Headers */,
			);
			runOnlyForDeploymentPostprocessing = 0;
		};
/* End PBXHeadersBuildPhase section */

/* Begin PBXNativeTarget section */
		929D3F3A1A3658E4009728C3 /* BombcastNavigator */ = {
			isa = PBXNativeTarget;
			buildConfigurationList = 929D3F5A1A3658E4009728C3 /* Build configuration list for PBXNativeTarget "BombcastNavigator" */;
			buildPhases = (
				929D3F371A3658E4009728C3 /* Sources */,
				929D3F381A3658E4009728C3 /* Frameworks */,
				929D3F391A3658E4009728C3 /* Resources */,
				929D3F811A365916009728C3 /* Embed Frameworks */,
			);
			buildRules = (
			);
			dependencies = (
				929D3F7B1A365916009728C3 /* PBXTargetDependency */,
			);
			name = BombcastNavigator;
			productName = BombcastNavigator;
			productReference = 929D3F3B1A3658E4009728C3 /* BombcastNavigator.app */;
			productType = "com.apple.product-type.application";
		};
		929D3F4F1A3658E4009728C3 /* BombcastNavigatorTests */ = {
			isa = PBXNativeTarget;
			buildConfigurationList = 929D3F5D1A3658E4009728C3 /* Build configuration list for PBXNativeTarget "BombcastNavigatorTests" */;
			buildPhases = (
				929D3F4C1A3658E4009728C3 /* Sources */,
				929D3F4D1A3658E4009728C3 /* Frameworks */,
				929D3F4E1A3658E4009728C3 /* Resources */,
			);
			buildRules = (
			);
			dependencies = (
				929D3F521A3658E4009728C3 /* PBXTargetDependency */,
			);
			name = BombcastNavigatorTests;
			productName = BombcastNavigatorTests;
			productReference = 929D3F501A3658E4009728C3 /* BombcastNavigatorTests.xctest */;
			productType = "com.apple.product-type.bundle.unit-test";
		};
		929D3F641A365916009728C3 /* BombcastData */ = {
			isa = PBXNativeTarget;
			buildConfigurationList = 929D3F7E1A365916009728C3 /* Build configuration list for PBXNativeTarget "BombcastData" */;
			buildPhases = (
				929D3F601A365916009728C3 /* Sources */,
				929D3F611A365916009728C3 /* Frameworks */,
				929D3F621A365916009728C3 /* Headers */,
				929D3F631A365916009728C3 /* Resources */,
			);
			buildRules = (
			);
			dependencies = (
			);
			name = BombcastData;
			productName = BombcastData;
			productReference = 929D3F651A365916009728C3 /* BombcastData.framework */;
			productType = "com.apple.product-type.framework";
		};
		929D3F6E1A365916009728C3 /* BombcastDataTests */ = {
			isa = PBXNativeTarget;
			buildConfigurationList = 929D3F821A365916009728C3 /* Build configuration list for PBXNativeTarget "BombcastDataTests" */;
			buildPhases = (
				929D3F6B1A365916009728C3 /* Sources */,
				929D3F6C1A365916009728C3 /* Frameworks */,
				929D3F6D1A365916009728C3 /* Resources */,
			);
			buildRules = (
			);
			dependencies = (
				929D3F721A365916009728C3 /* PBXTargetDependency */,
				929D3F741A365916009728C3 /* PBXTargetDependency */,
			);
			name = BombcastDataTests;
			productName = BombcastDataTests;
			productReference = 929D3F6F1A365916009728C3 /* BombcastDataTests.xctest */;
			productType = "com.apple.product-type.bundle.unit-test";
		};
/* End PBXNativeTarget section */

/* Begin PBXProject section */
		929D3F331A3658E4009728C3 /* Project object */ = {
			isa = PBXProject;
			attributes = {
				LastUpgradeCheck = 0610;
				ORGANIZATIONNAME = "Robert Speicher";
				TargetAttributes = {
					929D3F3A1A3658E4009728C3 = {
						CreatedOnToolsVersion = 6.1.1;
						SystemCapabilities = {
							com.apple.BackgroundModes = {
								enabled = 1;
							};
						};
					};
					929D3F4F1A3658E4009728C3 = {
						CreatedOnToolsVersion = 6.1.1;
						TestTargetID = 929D3F3A1A3658E4009728C3;
					};
					929D3F641A365916009728C3 = {
						CreatedOnToolsVersion = 6.1.1;
					};
					929D3F6E1A365916009728C3 = {
						CreatedOnToolsVersion = 6.1.1;
						TestTargetID = 929D3F3A1A3658E4009728C3;
					};
				};
			};
			buildConfigurationList = 929D3F361A3658E4009728C3 /* Build configuration list for PBXProject "BombcastNavigator" */;
			compatibilityVersion = "Xcode 3.2";
			developmentRegion = English;
			hasScannedForEncodings = 0;
			knownRegions = (
				en,
				Base,
			);
			mainGroup = 929D3F321A3658E4009728C3;
			productRefGroup = 929D3F3C1A3658E4009728C3 /* Products */;
			projectDirPath = "";
			projectRoot = "";
			targets = (
				929D3F3A1A3658E4009728C3 /* BombcastNavigator */,
				929D3F4F1A3658E4009728C3 /* BombcastNavigatorTests */,
				929D3F641A365916009728C3 /* BombcastData */,
				929D3F6E1A365916009728C3 /* BombcastDataTests */,
			);
		};
/* End PBXProject section */

/* Begin PBXResourcesBuildPhase section */
		929D3F391A3658E4009728C3 /* Resources */ = {
			isa = PBXResourcesBuildPhase;
			buildActionMask = 2147483647;
			files = (
				929D3F461A3658E4009728C3 /* Main.storyboard in Resources */,
				929D3F4B1A3658E4009728C3 /* LaunchScreen.xib in Resources */,
				929D3F481A3658E4009728C3 /* Images.xcassets in Resources */,
			);
			runOnlyForDeploymentPostprocessing = 0;
		};
		929D3F4E1A3658E4009728C3 /* Resources */ = {
			isa = PBXResourcesBuildPhase;
			buildActionMask = 2147483647;
			files = (
			);
			runOnlyForDeploymentPostprocessing = 0;
		};
		929D3F631A365916009728C3 /* Resources */ = {
			isa = PBXResourcesBuildPhase;
			buildActionMask = 2147483647;
			files = (
				929D3F8C1A365A2D009728C3 /* sampledata.json in Resources */,
			);
			runOnlyForDeploymentPostprocessing = 0;
		};
		929D3F6D1A365916009728C3 /* Resources */ = {
			isa = PBXResourcesBuildPhase;
			buildActionMask = 2147483647;
			files = (
			);
			runOnlyForDeploymentPostprocessing = 0;
		};
/* End PBXResourcesBuildPhase section */

/* Begin PBXSourcesBuildPhase section */
		929D3F371A3658E4009728C3 /* Sources */ = {
			isa = PBXSourcesBuildPhase;
			buildActionMask = 2147483647;
			files = (
				929D3F921A365D73009728C3 /* BombcastTableViewCell.swift in Sources */,
				929D3F951A365DED009728C3 /* BombcastViewModel.swift in Sources */,
				929D3F971A365EE7009728C3 /* BombcastTableViewModel.swift in Sources */,
				929D3F8F1A365C55009728C3 /* BombcastTableViewController.swift in Sources */,
				929D3F9A1A366BE2009728C3 /* BombcastDetailViewController.swift in Sources */,
				929D3F411A3658E4009728C3 /* AppDelegate.swift in Sources */,
			);
			runOnlyForDeploymentPostprocessing = 0;
		};
		929D3F4C1A3658E4009728C3 /* Sources */ = {
			isa = PBXSourcesBuildPhase;
			buildActionMask = 2147483647;
			files = (
				929D3F571A3658E4009728C3 /* BombcastNavigatorTests.swift in Sources */,
			);
			runOnlyForDeploymentPostprocessing = 0;
		};
		929D3F601A365916009728C3 /* Sources */ = {
			isa = PBXSourcesBuildPhase;
			buildActionMask = 2147483647;
			files = (
				929D3F8B1A365A2D009728C3 /* JSONSampleData.swift in Sources */,
				929D3F861A3659E6009728C3 /* Bombcast.swift in Sources */,
				929D3F8A1A365A2D009728C3 /* JSONHelper.swift in Sources */,
			);
			runOnlyForDeploymentPostprocessing = 0;
		};
		929D3F6B1A365916009728C3 /* Sources */ = {
			isa = PBXSourcesBuildPhase;
			buildActionMask = 2147483647;
			files = (
				929D3F791A365916009728C3 /* BombcastDataTests.swift in Sources */,
			);
			runOnlyForDeploymentPostprocessing = 0;
		};
/* End PBXSourcesBuildPhase section */

/* Begin PBXTargetDependency section */
		929D3F521A3658E4009728C3 /* PBXTargetDependency */ = {
			isa = PBXTargetDependency;
			target = 929D3F3A1A3658E4009728C3 /* BombcastNavigator */;
			targetProxy = 929D3F511A3658E4009728C3 /* PBXContainerItemProxy */;
		};
		929D3F721A365916009728C3 /* PBXTargetDependency */ = {
			isa = PBXTargetDependency;
			target = 929D3F641A365916009728C3 /* BombcastData */;
			targetProxy = 929D3F711A365916009728C3 /* PBXContainerItemProxy */;
		};
		929D3F741A365916009728C3 /* PBXTargetDependency */ = {
			isa = PBXTargetDependency;
			target = 929D3F3A1A3658E4009728C3 /* BombcastNavigator */;
			targetProxy = 929D3F731A365916009728C3 /* PBXContainerItemProxy */;
		};
		929D3F7B1A365916009728C3 /* PBXTargetDependency */ = {
			isa = PBXTargetDependency;
			target = 929D3F641A365916009728C3 /* BombcastData */;
			targetProxy = 929D3F7A1A365916009728C3 /* PBXContainerItemProxy */;
		};
/* End PBXTargetDependency section */

/* Begin PBXVariantGroup section */
		929D3F441A3658E4009728C3 /* Main.storyboard */ = {
			isa = PBXVariantGroup;
			children = (
				929D3F451A3658E4009728C3 /* Base */,
			);
			name = Main.storyboard;
			sourceTree = "<group>";
		};
		929D3F491A3658E4009728C3 /* LaunchScreen.xib */ = {
			isa = PBXVariantGroup;
			children = (
				929D3F4A1A3658E4009728C3 /* Base */,
			);
			name = LaunchScreen.xib;
			sourceTree = "<group>";
		};
/* End PBXVariantGroup section */

/* Begin XCBuildConfiguration section */
		929D3F581A3658E4009728C3 /* Debug */ = {
			isa = XCBuildConfiguration;
			buildSettings = {
				ALWAYS_SEARCH_USER_PATHS = NO;
				CLANG_CXX_LANGUAGE_STANDARD = "gnu++0x";
				CLANG_CXX_LIBRARY = "libc++";
				CLANG_ENABLE_MODULES = YES;
				CLANG_ENABLE_OBJC_ARC = YES;
				CLANG_WARN_BOOL_CONVERSION = YES;
				CLANG_WARN_CONSTANT_CONVERSION = YES;
				CLANG_WARN_DIRECT_OBJC_ISA_USAGE = YES_ERROR;
				CLANG_WARN_EMPTY_BODY = YES;
				CLANG_WARN_ENUM_CONVERSION = YES;
				CLANG_WARN_INT_CONVERSION = YES;
				CLANG_WARN_OBJC_ROOT_CLASS = YES_ERROR;
				CLANG_WARN_UNREACHABLE_CODE = YES;
				CLANG_WARN__DUPLICATE_METHOD_MATCH = YES;
				"CODE_SIGN_IDENTITY[sdk=iphoneos*]" = "iPhone Developer";
				COPY_PHASE_STRIP = NO;
				ENABLE_STRICT_OBJC_MSGSEND = YES;
				GCC_C_LANGUAGE_STANDARD = gnu99;
				GCC_DYNAMIC_NO_PIC = NO;
				GCC_OPTIMIZATION_LEVEL = 0;
				GCC_PREPROCESSOR_DEFINITIONS = (
					"DEBUG=1",
					"$(inherited)",
				);
				GCC_SYMBOLS_PRIVATE_EXTERN = NO;
				GCC_WARN_64_TO_32_BIT_CONVERSION = YES;
				GCC_WARN_ABOUT_RETURN_TYPE = YES_ERROR;
				GCC_WARN_UNDECLARED_SELECTOR = YES;
				GCC_WARN_UNINITIALIZED_AUTOS = YES_AGGRESSIVE;
				GCC_WARN_UNUSED_FUNCTION = YES;
				GCC_WARN_UNUSED_VARIABLE = YES;
				IPHONEOS_DEPLOYMENT_TARGET = 8.1;
				MTL_ENABLE_DEBUG_INFO = YES;
				ONLY_ACTIVE_ARCH = YES;
				SDKROOT = iphoneos;
				SWIFT_OPTIMIZATION_LEVEL = "-Onone";
			};
			name = Debug;
		};
		929D3F591A3658E4009728C3 /* Release */ = {
			isa = XCBuildConfiguration;
			buildSettings = {
				ALWAYS_SEARCH_USER_PATHS = NO;
				CLANG_CXX_LANGUAGE_STANDARD = "gnu++0x";
				CLANG_CXX_LIBRARY = "libc++";
				CLANG_ENABLE_MODULES = YES;
				CLANG_ENABLE_OBJC_ARC = YES;
				CLANG_WARN_BOOL_CONVERSION = YES;
				CLANG_WARN_CONSTANT_CONVERSION = YES;
				CLANG_WARN_DIRECT_OBJC_ISA_USAGE = YES_ERROR;
				CLANG_WARN_EMPTY_BODY = YES;
				CLANG_WARN_ENUM_CONVERSION = YES;
				CLANG_WARN_INT_CONVERSION = YES;
				CLANG_WARN_OBJC_ROOT_CLASS = YES_ERROR;
				CLANG_WARN_UNREACHABLE_CODE = YES;
				CLANG_WARN__DUPLICATE_METHOD_MATCH = YES;
				"CODE_SIGN_IDENTITY[sdk=iphoneos*]" = "iPhone Developer";
				COPY_PHASE_STRIP = YES;
				ENABLE_NS_ASSERTIONS = NO;
				ENABLE_STRICT_OBJC_MSGSEND = YES;
				GCC_C_LANGUAGE_STANDARD = gnu99;
				GCC_WARN_64_TO_32_BIT_CONVERSION = YES;
				GCC_WARN_ABOUT_RETURN_TYPE = YES_ERROR;
				GCC_WARN_UNDECLARED_SELECTOR = YES;
				GCC_WARN_UNINITIALIZED_AUTOS = YES_AGGRESSIVE;
				GCC_WARN_UNUSED_FUNCTION = YES;
				GCC_WARN_UNUSED_VARIABLE = YES;
				IPHONEOS_DEPLOYMENT_TARGET = 8.1;
				MTL_ENABLE_DEBUG_INFO = NO;
				SDKROOT = iphoneos;
				VALIDATE_PRODUCT = YES;
			};
			name = Release;
		};
		929D3F5B1A3658E4009728C3 /* Debug */ = {
			isa = XCBuildConfiguration;
			buildSettings = {
				ASSETCATALOG_COMPILER_APPICON_NAME = AppIcon;
				INFOPLIST_FILE = BombcastNavigator/Info.plist;
				LD_RUNPATH_SEARCH_PATHS = "$(inherited) @executable_path/Frameworks";
				PRODUCT_NAME = "$(TARGET_NAME)";
			};
			name = Debug;
		};
		929D3F5C1A3658E4009728C3 /* Release */ = {
			isa = XCBuildConfiguration;
			buildSettings = {
				ASSETCATALOG_COMPILER_APPICON_NAME = AppIcon;
				INFOPLIST_FILE = BombcastNavigator/Info.plist;
				LD_RUNPATH_SEARCH_PATHS = "$(inherited) @executable_path/Frameworks";
				PRODUCT_NAME = "$(TARGET_NAME)";
			};
			name = Release;
		};
		929D3F5E1A3658E4009728C3 /* Debug */ = {
			isa = XCBuildConfiguration;
			buildSettings = {
				BUNDLE_LOADER = "$(TEST_HOST)";
				FRAMEWORK_SEARCH_PATHS = (
					"$(SDKROOT)/Developer/Library/Frameworks",
					"$(inherited)",
				);
				GCC_PREPROCESSOR_DEFINITIONS = (
					"DEBUG=1",
					"$(inherited)",
				);
				INFOPLIST_FILE = BombcastNavigatorTests/Info.plist;
				LD_RUNPATH_SEARCH_PATHS = "$(inherited) @executable_path/Frameworks @loader_path/Frameworks";
				PRODUCT_NAME = "$(TARGET_NAME)";
				TEST_HOST = "$(BUILT_PRODUCTS_DIR)/BombcastNavigator.app/BombcastNavigator";
			};
			name = Debug;
		};
		929D3F5F1A3658E4009728C3 /* Release */ = {
			isa = XCBuildConfiguration;
			buildSettings = {
				BUNDLE_LOADER = "$(TEST_HOST)";
				FRAMEWORK_SEARCH_PATHS = (
					"$(SDKROOT)/Developer/Library/Frameworks",
					"$(inherited)",
				);
				INFOPLIST_FILE = BombcastNavigatorTests/Info.plist;
				LD_RUNPATH_SEARCH_PATHS = "$(inherited) @executable_path/Frameworks @loader_path/Frameworks";
				PRODUCT_NAME = "$(TARGET_NAME)";
				TEST_HOST = "$(BUILT_PRODUCTS_DIR)/BombcastNavigator.app/BombcastNavigator";
			};
			name = Release;
		};
		929D3F7F1A365916009728C3 /* Debug */ = {
			isa = XCBuildConfiguration;
			buildSettings = {
				CLANG_ENABLE_MODULES = YES;
				CURRENT_PROJECT_VERSION = 1;
				DEFINES_MODULE = YES;
				DYLIB_COMPATIBILITY_VERSION = 1;
				DYLIB_CURRENT_VERSION = 1;
				DYLIB_INSTALL_NAME_BASE = "@rpath";
				GCC_PREPROCESSOR_DEFINITIONS = (
					"DEBUG=1",
					"$(inherited)",
				);
				INFOPLIST_FILE = BombcastData/Info.plist;
				INSTALL_PATH = "$(LOCAL_LIBRARY_DIR)/Frameworks";
				LD_RUNPATH_SEARCH_PATHS = "$(inherited) @executable_path/Frameworks @loader_path/Frameworks";
				PRODUCT_NAME = "$(TARGET_NAME)";
				SKIP_INSTALL = YES;
				SWIFT_OPTIMIZATION_LEVEL = "-Onone";
				TARGETED_DEVICE_FAMILY = "1,2";
				VERSIONING_SYSTEM = "apple-generic";
				VERSION_INFO_PREFIX = "";
			};
			name = Debug;
		};
		929D3F801A365916009728C3 /* Release */ = {
			isa = XCBuildConfiguration;
			buildSettings = {
				CLANG_ENABLE_MODULES = YES;
				CURRENT_PROJECT_VERSION = 1;
				DEFINES_MODULE = YES;
				DYLIB_COMPATIBILITY_VERSION = 1;
				DYLIB_CURRENT_VERSION = 1;
				DYLIB_INSTALL_NAME_BASE = "@rpath";
				INFOPLIST_FILE = BombcastData/Info.plist;
				INSTALL_PATH = "$(LOCAL_LIBRARY_DIR)/Frameworks";
				LD_RUNPATH_SEARCH_PATHS = "$(inherited) @executable_path/Frameworks @loader_path/Frameworks";
				PRODUCT_NAME = "$(TARGET_NAME)";
				SKIP_INSTALL = YES;
				TARGETED_DEVICE_FAMILY = "1,2";
				VERSIONING_SYSTEM = "apple-generic";
				VERSION_INFO_PREFIX = "";
			};
			name = Release;
		};
		929D3F831A365916009728C3 /* Debug */ = {
			isa = XCBuildConfiguration;
			buildSettings = {
				FRAMEWORK_SEARCH_PATHS = (
					"$(SDKROOT)/Developer/Library/Frameworks",
					"$(inherited)",
				);
				GCC_PREPROCESSOR_DEFINITIONS = (
					"DEBUG=1",
					"$(inherited)",
				);
				INFOPLIST_FILE = BombcastDataTests/Info.plist;
				LD_RUNPATH_SEARCH_PATHS = "$(inherited) @executable_path/Frameworks @loader_path/Frameworks";
				PRODUCT_NAME = "$(TARGET_NAME)";
				TEST_HOST = "$(BUILT_PRODUCTS_DIR)/BombcastNavigator.app/BombcastNavigator";
			};
			name = Debug;
		};
		929D3F841A365916009728C3 /* Release */ = {
			isa = XCBuildConfiguration;
			buildSettings = {
				FRAMEWORK_SEARCH_PATHS = (
					"$(SDKROOT)/Developer/Library/Frameworks",
					"$(inherited)",
				);
				INFOPLIST_FILE = BombcastDataTests/Info.plist;
				LD_RUNPATH_SEARCH_PATHS = "$(inherited) @executable_path/Frameworks @loader_path/Frameworks";
				PRODUCT_NAME = "$(TARGET_NAME)";
				TEST_HOST = "$(BUILT_PRODUCTS_DIR)/BombcastNavigator.app/BombcastNavigator";
			};
			name = Release;
		};
/* End XCBuildConfiguration section */

/* Begin XCConfigurationList section */
		929D3F361A3658E4009728C3 /* Build configuration list for PBXProject "BombcastNavigator" */ = {
			isa = XCConfigurationList;
			buildConfigurations = (
				929D3F581A3658E4009728C3 /* Debug */,
				929D3F591A3658E4009728C3 /* Release */,
			);
			defaultConfigurationIsVisible = 0;
			defaultConfigurationName = Release;
		};
		929D3F5A1A3658E4009728C3 /* Build configuration list for PBXNativeTarget "BombcastNavigator" */ = {
			isa = XCConfigurationList;
			buildConfigurations = (
				929D3F5B1A3658E4009728C3 /* Debug */,
				929D3F5C1A3658E4009728C3 /* Release */,
			);
			defaultConfigurationIsVisible = 0;
			defaultConfigurationName = Release;
		};
		929D3F5D1A3658E4009728C3 /* Build configuration list for PBXNativeTarget "BombcastNavigatorTests" */ = {
			isa = XCConfigurationList;
			buildConfigurations = (
				929D3F5E1A3658E4009728C3 /* Debug */,
				929D3F5F1A3658E4009728C3 /* Release */,
			);
			defaultConfigurationIsVisible = 0;
			defaultConfigurationName = Release;
		};
		929D3F7E1A365916009728C3 /* Build configuration list for PBXNativeTarget "BombcastData" */ = {
			isa = XCConfigurationList;
			buildConfigurations = (
				929D3F7F1A365916009728C3 /* Debug */,
				929D3F801A365916009728C3 /* Release */,
			);
			defaultConfigurationIsVisible = 0;
			defaultConfigurationName = Release;
		};
		929D3F821A365916009728C3 /* Build configuration list for PBXNativeTarget "BombcastDataTests" */ = {
			isa = XCConfigurationList;
			buildConfigurations = (
				929D3F831A365916009728C3 /* Debug */,
				929D3F841A365916009728C3 /* Release */,
			);
			defaultConfigurationIsVisible = 0;
			defaultConfigurationName = Release;
		};
/* End XCConfigurationList section */
	};
	rootObject = 929D3F331A3658E4009728C3 /* Project object */;
}
